{
  "version": 4,
  "terraform_version": "1.12.2",
  "serial": 1,
  "lineage": "453c5479-44a3-6183-249d-de9009354961",
  "outputs": {},
  "resources": [
    {
      "mode": "managed",
      "type": "github_branch",
      "name": "development",
      "provider": "provider[\"registry.terraform.io/integrations/github\"]",
      "instances": [
        {
          "schema_version": 0,
          "attributes": {
            "branch": "sdks",
            "etag": "W/\"e4c563afdfe93285cc2f86c70b159bd501b02e44d30b7d90aac58a2abd8439fe\"",
            "id": "Github-Examples:sdks",
            "ref": "refs/heads/sdks",
            "repository": "Github-Examples",
            "sha": "0ec5c8a8f8b163c335a8b6671a0f9d42b03d3204",
            "source_branch": "main",
            "source_sha": "0ec5c8a8f8b163c335a8b6671a0f9d42b03d3204"
          },
          "sensitive_attributes": [],
          "identity_schema_version": 0,
          "private": "bnVsbA=="
        }
      ]
    }
  ],
  "check_results": null
}
